# THIS IS AN AUTOGENERATED FILE. DO NOT EDIT THIS FILE DIRECTLY.
# yarn lockfile v1


"@elasticprojects/abstract-cli@13.2.0":
  version "13.2.0"
  resolved "https://registry.yarnpkg.com/@elasticprojects/abstract-cli/-/abstract-cli-13.2.0.tgz#8facc901e6f9d7c0ffde6ab3aae6aa796a7ffb5d"
  integrity sha512-hNZWwugQ7vyly4r7IjQAWn6XQu1VFeXBMjkk9UoQXTjJV2bJnh3WO0IHnJknS3qyhDLxVoq0h10NqsviKKZeSw==
